# THIS IS AN AUTOGENERATED FILE. DO NOT EDIT THIS FILE DIRECTLY.
# yarn lockfile v1


"@webassemblyjs/ast@1.11.3":
  version "1.11.3"
  resolved "https://registry.yarnpkg.com/@webassemblyjs/ast/-/ast-1.11.3.tgz#d66a7499d7d90d617e97f0183a5ddff229693019"
  integrity sha512-bc89LwRDgLLz1/73y0T/4+CmvEECPZdXSAkuNUyeRXulYfBfHmmBJcAfMyqnTFvFEaC3mPJdwgaPhELGPPIsAg==
  dependencies:
    "@webassemblyjs/helper-numbers" "1.11.3"
    "@webassemblyjs/helper-wasm-bytecode" "1.11.3"

"@webassemblyjs/floating-point-hex-parser@1.11.3", "@webassemblyjs/floating-point-hex-parser@1.11.4":
  version "1.11.4"
  resolved "https://registry.yarnpkg.com/@webassemblyjs/floating-point-hex-parser/-/floating-point-hex-parser-1.11.4.tgz#45ab78d748d210566388212a1edd4af7f86a1217"
  integrity sha512-/XkrDSSzPs+PCx//2jTMvrQvdSlBXSkfT+Z3z5avt0Yw0+vfLbsfTOSt+Jp5kZ0qwjIV+MRcgUy/YWg6Z2/SRg==

"@webassemblyjs/helper-api-error@1.11.3", "@webassemblyjs/helper-api-error@1.11.4":
  version "1.11.4"
  resolved "https://registry.yarnpkg.com/@webassemblyjs/helper-api-error/-/helper-api-error-1.11.4.tgz#85a7e704d0ea184e17c7a1317d4d10f7d43ae152"
  integrity sha512-IKwN8aTLugQvTQvXsUIXAA4ApTWIQAGANP5fgpO4+fUSO0afro8qkp9LX4Nl2sjMd67caZy73i1JkwFoPtOMmA==

"@webassemblyjs/helper-code-frame@1.11.3":
  version "1.11.3"
  resolved "https://registry.yarnpkg.com/@webassemblyjs/helper-code-frame/-/helper-code-frame-1.11.3.tgz#55877931e64b6daf4e58c2a235e0c801f97e9d77"
  integrity sha512-f1kxhUt8dn1lLGBbYqNXyvj64C03laG/sbwWiAxbfmJXd8r9WFC663uwT8jhgsHM0+We5IU3f8dfxfwEx4K4vg==
  dependencies:
    "@webassemblyjs/wast-printer" "1.11.3"

"@webassemblyjs/helper-compiler@1.11.3":
  version "1.11.3"
  resolved "https://registry.yarnpkg.com/@webassemblyjs/helper-compiler/-/helper-compiler-1.11.3.tgz#c2b583304ad3cd2dd0894cbf3d90877df5dbf46d"
  integrity sha512-1gJJ8b1KyjDPl0Tci/GWUawrD32aEp+28BeeSPbiX8Du9bO67Si4HGd9zoJzf9J3o4ezH5ojVcdPd29oVi5YHA==
  dependencies:
    "@webassemblyjs/ast" "1.11.3"
    "@webassemblyjs/helper-flatten-ast" "1.11.3"

"@webassemblyjs/helper-flatten-ast@1.11.3":
  version "1.11.3"
  resolved "https://registry.yarnpkg.com/@webassemblyjs/helper-flatten-ast/-/helper-flatten-ast-1.11.3.tgz#087a18205f2783cb0d071abb1293d1619636c257"
  integrity sha512-hRAaIA7OaW7qMuinukhxxIFeikqrgFxr4UuujQY8CwAaVYfb028WaevNa+zHDYYEBMfWuFbEfCJoorZxdbgFSg==
  dependencies:
    "@webassemblyjs/ast" "1.11.3"

"@webassemblyjs/helper-fsm@1.11.3":
  version "1.11.4"
  resolved "https://registry.yarnpkg.com/@webassemblyjs/helper-fsm/-/helper-fsm-1.11.4.tgz#69b8e085fcbf92a0a7f87ef73ca1e6f0093e5768"
  integrity sha512-AZhsmUnUDxvavYbFAYsE7gU870mIVHF4gvj82+zjJhc6Ia09aB83cDykdNQ4jj6DzXBVn/6f73zwE8JzHIo/EA==

"@webassemblyjs/helper-numbers@1.11.3":
  version "1.11.4"
  resolved "https://registry.yarnpkg.com/@webassemblyjs/helper-numbers/-/helper-numbers-1.11.4.tgz#f26aee856464023c6dc5cbac292e3b56f80d51ab"
  integrity sha512-uCu5WLcMangjRzjOS/GwmjPLoaQ4J8+rFi0Us8FPc/C8rnx6P765khEcTUDf9qW3lS34necU8ads44pACe60rA==
  dependencies:
    "@webassemblyjs/floating-point-hex-parser" "1.11.4"
    "@webassemblyjs/helper-api-error" "1.11.4"
    "@xtuc/long" "4.2.2"

"@webassemblyjs/helper-wasm-bytecode@1.11.3":
  version "1.11.4"
  resolved "https://registry.yarnpkg.com/@webassemblyjs/helper-wasm-bytecode/-/helper-wasm-bytecode-1.11.4.tgz#cdd170d1bc989eea2453b87b732ce5baf933064f"
  integrity sha512-lTKJpKqbue70/EOS7R1ICWYKKKxDKIcyFyQXOH9B6Q2/Bqqgwo8VR/megyJLWMYJC29tpOmJsWkmwRBYQJyC9g==

"@webassemblyjs/ieee754@1.11.3":
  version "1.11.4"
  resolved "https://registry.yarnpkg.com/@webassemblyjs/ieee754/-/ieee754-1.11.4.tgz#2a040cd62469090d3781d1c89b5fd2f993bdc5d9"
  integrity sha512-eld0ZbsBPU/HGJXtwvOWxEIm3fJmYj2Py098N0ukDF02Dp0f+4Sj7QZllTcWh9XtS4ysgAywhk2cbPId2VroLg==
  dependencies:
    "@xtuc/ieee754" "^1.2.0"

"@webassemblyjs/leb128@1.11.3":
  version "1.11.4"
  resolved "https://registry.yarnpkg.com/@webassemblyjs/leb128/-/leb128-1.11.4.tgz#501aa252adabab198f7463ebc15b749c04d3c078"
  integrity sha512-kq6VUWZPbOTTLPZA79BmN/PL/oL4XXAVEbKUHtODBQiWogO0rVNus+faSCmvFq9xIvpQM/PCVoPxbr6Ta+Ch6Q==
  dependencies:
    "@xtuc/long" "4.2.2"

"@webassemblyjs/utf8@1.11.3":
  version "1.11.4"
  resolved "https://registry.yarnpkg.com/@webassemblyjs/utf8/-/utf8-1.11.4.tgz#4c99959b6e96084365c3288adbace60425f8ac97"
  integrity sha512-f5vdb2IHu4t1Vt68H8ONGNH2JVHtfNwCgpxiA7xyURhp6W0LGo6wEOqzmlenHuqCp00MEU+NHk+ZDd/YqEV7/Q==

"@webassemblyjs/validation@1.11.3":
  version "1.11.3"
  resolved "https://registry.yarnpkg.com/@webassemblyjs/validation/-/validation-1.11.3.tgz#aa80bbb3ca9cfb0d8e2bc23400b41ed084f2774d"
  integrity sha512-yn7Y4VZOVSI/ajoO4i6Q1O13eHU/tW6X7MZnMuDSmaEQ7oblSTdNsDbP/iM1srIk3NPKCpE6sxd58wSc+m0dMQ==
  dependencies:
    "@webassemblyjs/ast" "1.11.3"

"@webassemblyjs/wasm-parser@1.11.3":
  version "1.11.3"
  resolved "https://registry.yarnpkg.com/@webassemblyjs/wasm-parser/-/wasm-parser-1.11.3.tgz#1535db423fe1b4279332a4edc251e70003e6d7a9"
  integrity sha512-vbH9d6t3mjM8U/2XMpljXGT/MxFvwscO4Pjy6JczxssR8gMzdbRAAy5SAWrNrp1PvMqDcJz9aom58/9/8daJMg==
  dependencies:
    "@webassemblyjs/ast" "1.11.3"
    "@webassemblyjs/helper-api-error" "1.11.3"
    "@webassemblyjs/helper-wasm-bytecode" "1.11.3"
    "@webassemblyjs/ieee754" "1.11.3"
    "@webassemblyjs/leb128" "1.11.3"
    "@webassemblyjs/utf8" "1.11.3"

"@webassemblyjs/wast-parser@1.11.3":
  version "1.11.3"
  resolved "https://registry.yarnpkg.com/@webassemblyjs/wast-parser/-/wast-parser-1.11.3.tgz#a6befa9842435df822770fa96536f821f2b1d6de"
  integrity sha512-SIe0sqIHeJ9GGVhBCb2Sbc3iLz0juapu/zwtLqp4q6kQPXHBKpi3SAxyN3eSoTqZssOPV4TPNwRwhQkC7UUMow==
  dependencies:
    "@webassemblyjs/ast" "1.11.3"
    "@webassemblyjs/floating-point-hex-parser" "1.11.3"
    "@webassemblyjs/helper-api-error" "1.11.3"
    "@webassemblyjs/helper-code-frame" "1.11.3"
    "@webassemblyjs/helper-fsm" "1.11.3"
    "@xtuc/long" "4.2.2"

"@webassemblyjs/wast-printer@1.11.3":
  version "1.11.3"
  resolved "https://registry.yarnpkg.com/@webassemblyjs/wast-printer/-/wast-printer-1.11.3.tgz#39c34f32a816d7f8c7b4f8219ce680b7338cb0cc"
  integrity sha512-kmjyNBu6w35c33LADVqSupAEIGQfZE5hUM4TPVVCcFm/mv72j5SVTMfc6S0nv1RQZEwSqi9ykadr5nIgK1NYLQ==
  dependencies:
    "@webassemblyjs/ast" "1.11.3"
    "@xtuc/long" "4.2.2"

"@xtuc/ieee754@^1.2.0":
  version "1.2.0"
  resolved "https://registry.yarnpkg.com/@xtuc/ieee754/-/ieee754-1.2.0.tgz#eef014a3145ae477a1cbc00cd1e552336dceb790"
  integrity sha512-DX8nKgqcGwsc0eJSqYt5lwP4DH5FlHnmuWWBRy7X0NcaGR0ZtuyeESgMwTYVEtxmsNGY+qit4QYT/MIYTOTPeA==

"@xtuc/long@4.2.2":
  version "4.2.2"
  resolved "https://registry.yarnpkg.com/@xtuc/long/-/long-4.2.2.tgz#d291c6a4e97989b5c61d9acf396ae4fe133a718d"
  integrity sha512-NuHqBY1PB/D8xU6s/thBgOAiAP7HOYDQ32+BFZILJ8ivkUkAHQnWfn6WhL79Owj1qmUnoN/YPhktdIoucipkAQ==

esbuild-android-64@0.14.49:
  version "0.14.49"
  resolved "https://registry.yarnpkg.com/esbuild-android-64/-/esbuild-android-64-0.14.49.tgz#9e4682c36dcf6e7b71b73d2a3723a96e0fdc5054"
  integrity sha512-vYsdOTD+yi+kquhBiFWl3tyxnj2qZJsl4tAqwhT90ktUdnyTizgle7TjNx6Ar1bN7wcwWqZ9QInfdk2WVagSww==

esbuild-android-arm64@0.14.49:
  version "0.14.49"
  resolved "https://registry.yarnpkg.com/esbuild-android-arm64/-/esbuild-android-arm64-0.14.49.tgz#9861b1f7e57d1dd1f23eeef6198561c5f34b51f6"
  integrity sha512-g2HGr/hjOXCgSsvQZ1nK4nW/ei8JUx04Li74qub9qWrStlysaVmadRyTVuW32FGIpLQyc5sUjjZopj49eGGM2g==

esbuild-darwin-64@0.14.49:
  version "0.14.49"
  resolved "https://registry.yarnpkg.com/esbuild-darwin-64/-/esbuild-darwin-64-0.14.49.tgz#fd30a5ebe28704a3a117126c60f98096c067c8d1"
  integrity sha512-3rvqnBCtX9ywso5fCHixt2GBCUsogNp9DjGmvbBohh31Ces34BVzFltMSxJpacNki96+WIcX5s/vum+ckXiLYg==

esbuild-darwin-arm64@0.14.49:
  version "0.14.49"
  resolved "https://registry.yarnpkg.com/esbuild-darwin-arm64/-/esbuild-darwin-arm64-0.14.49.tgz#c04a3a57dad94a972c66a697a68a25aa25947f41"
  integrity sha512-XMaqDxO846srnGlUSJnwbijV29MTKUATmOLyQSfswbK/2X5Uv28M9tTLUJcKKxzoo9lnkYPsx2o8EJcTYwCs/A==

esbuild-freebsd-64@0.14.49:
  version "0.14.49"
  resolved "https://registry.yarnpkg.com/esbuild-freebsd-64/-/esbuild-freebsd-64-0.14.49.tgz#c404dbd66c98451395b1eef0fa38b73030a7be82"
  integrity sha512-NJ5Q6AjV879mOHFri+5lZLTp5XsO2hQ+KSJYLbfY9DgCu8s6/Zl2prWXVANYTeCDLlrIlNNYw8y34xqyLDKOmQ==

esbuild-freebsd-arm64@0.14.49:
  version "0.14.49"
  resolved "https://registry.yarnpkg.com/esbuild-freebsd-arm64/-/esbuild-freebsd-arm64-0.14.49.tgz#b62cec96138ebc5937240ce3e1b97902963ea74a"
  integrity sha512-lFLtgXnAc3eXYqj5koPlBZvEbBSOSUbWO3gyY/0+4lBdRqELyz4bAuamHvmvHW5swJYL7kngzIZw6kdu25KGOA==

esbuild-linux-32@0.14.49:
  version "0.14.49"
  resolved "https://registry.yarnpkg.com/esbuild-linux-32/-/esbuild-linux-32-0.14.49.tgz#495b1cc011b8c64d8bbaf65509c1e7135eb9ddbf"
  integrity sha512-zTTH4gr2Kb8u4QcOpTDVn7Z8q7QEIvFl/+vHrI3cF6XOJS7iEI1FWslTo3uofB2+mn6sIJEQD9PrNZKoAAMDiA==

esbuild-linux-64@0.14.49:
  version "0.14.49"
  resolved "https://registry.yarnpkg.com/esbuild-linux-64/-/esbuild-linux-64-0.14.49.tgz#3f28dd8f986e6ff42f38888ee435a9b1fb916a56"
  integrity sha512-hYmzRIDzFfLrB5c1SknkxzM8LdEUOusp6M2TnuQZJLRtxTgyPnZZVtyMeCLki0wKgYPXkFsAVhi8vzo2mBNeTg==

esbuild-linux-arm64@0.14.49:
  version "0.14.49"
  resolved "https://registry.yarnpkg.com/esbuild-linux-arm64/-/esbuild-linux-arm64-0.14.49.tgz#a52e99ae30246566dc5f33e835aa6ca98ef70e33"
  integrity sha512-KLQ+WpeuY+7bxukxLz5VgkAAVQxUv67Ft4DmHIPIW+2w3ObBPQhqNoeQUHxopoW/aiOn3m99NSmSV+bs4BSsdA==

esbuild-linux-arm@0.14.49:
  version "0.14.49"
  resolved "https://registry.yarnpkg.com/esbuild-linux-arm/-/esbuild-linux-arm-0.14.49.tgz#7c33d05a64ec540cf7474834adaa57b3167bbe97"
  integrity sha512-iE3e+ZVv1Qz1Sy0gifIsarJMQ89Rpm9mtLSRtG3AH0FPgAzQ5Z5oU6vYzhc/3gSPi2UxdCOfRhw2onXuFw/0lg==

esbuild-linux-mips64le@0.14.49:
  version "0.14.49"
  resolved "https://registry.yarnpkg.com/esbuild-linux-mips64le/-/esbuild-linux-mips64le-0.14.49.tgz#ed062bd844b587be649443831eb84ba304685f25"
  integrity sha512-n+rGODfm8RSum5pFIqFQVQpYBw+AztL8s6o9kfx7tjfK0yIGF6tm5HlG6aRjodiiKkH2xAiIM+U4xtQVZYU4rA==

esbuild-linux-ppc64le@0.14.49:
  version "0.14.49"
  resolved "https://registry.yarnpkg.com/esbuild-linux-ppc64le/-/esbuild-linux-ppc64le-0.14.49.tgz#c0786fb5bddffd90c10a2078181513cbaf077958"
  integrity sha512-WP9zR4HX6iCBmMFH+XHHng2LmdoIeUmBpL4aL2TR8ruzXyT4dWrJ5BSbT8iNo6THN8lod6GOmYDLq/dgZLalGw==

esbuild-linux-riscv64@0.14.49:
  version "0.14.49"
  resolved "https://registry.yarnpkg.com/esbuild-linux-riscv64/-/esbuild-linux-riscv64-0.14.49.tgz#579b0e7cc6fce4bfc698e991a52503bb616bec49"
  integrity sha512-h66ORBz+Dg+1KgLvzTVQEA1LX4XBd1SK0Fgbhhw4akpG/YkN8pS6OzYI/7SGENiN6ao5hETRDSkVcvU9NRtkMQ==

esbuild-linux-s390x@0.14.49:
  version "0.14.49"
  resolved "https://registry.yarnpkg.com/esbuild-linux-s390x/-/esbuild-linux-s390x-0.14.49.tgz#09eb15c753e249a500b4e28d07c5eef7524a9740"
  integrity sha512-DhrUoFVWD+XmKO1y7e4kNCqQHPs6twz6VV6Uezl/XHYGzM60rBewBF5jlZjG0nCk5W/Xy6y1xWeopkrhFFM0sQ==

esbuild-netbsd-64@0.14.49:
  version "0.14.49"
  resolved "https://registry.yarnpkg.com/esbuild-netbsd-64/-/esbuild-netbsd-64-0.14.49.tgz#f7337cd2bddb7cc9d100d19156f36c9ca117b58d"
  integrity sha512-BXaUwFOfCy2T+hABtiPUIpWjAeWK9P8O41gR4Pg73hpzoygVGnj0nI3YK4SJhe52ELgtdgWP/ckIkbn2XaTxjQ==

esbuild-openbsd-64@0.14.49:
  version "0.14.49"
  resolved "https://registry.yarnpkg.com/esbuild-openbsd-64/-/esbuild-openbsd-64-0.14.49.tgz#1f8bdc49f8a44396e73950a3fb6b39828563631d"
  integrity sha512-lP06UQeLDGmVPw9Rg437Btu6J9/BmyhdoefnQ4gDEJTtJvKtQaUcOQrhjTq455ouZN4EHFH1h28WOJVANK41kA==

esbuild-sunos-64@0.14.49:
  version "0.14.49"
  resolved "https://registry.yarnpkg.com/esbuild-sunos-64/-/esbuild-sunos-64-0.14.49.tgz#47d042739365b61aa8ca642adb69534a8eef9f7a"
  integrity sha512-4c8Zowp+V3zIWje329BeLbGh6XI9c/rqARNaj5yPHdC61pHI9UNdDxT3rePPJeWcEZVKjkiAS6AP6kiITp7FSw==

esbuild-wasm@^0.14.49:
  version "0.14.49"
  resolved "https://registry.yarnpkg.com/esbuild-wasm/-/esbuild-wasm-0.14.49.tgz#5b0909b8172653f031163675341bdf4311a7a139"
  integrity sha512-5ddzZv8M3WI1fWZ5rEfK5cSA9swlWJcceKgqjKLLERC7FnlNW50kF7hxhpkyC0Z/4w7Xeyt3yUJ9QWNMDXLk2Q==

esbuild-windows-32@0.14.49:
  version "0.14.49"
  resolved "https://registry.yarnpkg.com/esbuild-windows-32/-/esbuild-windows-32-0.14.49.tgz#79198c88ec9bde163c18a6b430c34eab098ec21a"
  integrity sha512-q7Rb+J9yHTeKr9QTPDYkqfkEj8/kcKz9lOabDuvEXpXuIcosWCJgo5Z7h/L4r7rbtTH4a8U2FGKb6s1eeOHmJA==

esbuild-windows-64@0.14.49:
  version "0.14.49"
  resolved "https://registry.yarnpkg.com/esbuild-windows-64/-/esbuild-windows-64-0.14.49.tgz#b36b230d18d1ee54008e08814c4799c7806e8c79"
  integrity sha512-+Cme7Ongv0UIUTniPqfTX6mJ8Deo7VXw9xN0yJEN1lQMHDppTNmKwAM3oGbD/Vqff+07K2gN0WfNkMohmG+dVw==

esbuild-windows-arm64@0.14.49:
  version "0.14.49"
  resolved "https://registry.yarnpkg.com/esbuild-windows-arm64/-/esbuild-windows-arm64-0.14.49.tgz#d83c03ff6436caf3262347cfa7e16b0a8049fae7"
  integrity sha512-v+HYNAXzuANrCbbLFJ5nmO3m5y2PGZWLe3uloAkLt87aXiO2mZr3BTmacZdjwNkNEHuH3bNtN8cak+mzVjVPfA==

esbuild@^0.14.49:
  version "0.14.49"
  resolved "https://registry.yarnpkg.com/esbuild/-/esbuild-0.14.49.tgz#b82834760eba2ddc17b44f05cfcc0aaca2bae492"
  integrity sha512-/TlVHhOaq7Yz8N1OJrjqM3Auzo5wjvHFLk+T8pIue+fhnhIMpfAzsG6PLVMbFveVxqD2WOp3QHei+52IMUNmCw==
  optionalDependencies:
    esbuild-android-64 "0.14.49"
    esbuild-android-arm64 "0.14.49"
    esbuild-darwin-64 "0.14.49"
    esbuild-darwin-arm64 "0.14.49"
    esbuild-freebsd-64 "0.14.49"
    esbuild-freebsd-arm64 "0.14.49"
    esbuild-linux-32 "0.14.49"
    esbuild-linux-64 "0.14.49"
    esbuild-linux-arm "0.14.49"
    esbuild-linux-arm64 "0.14.49"
    esbuild-linux-mips64le "0.14.49"
    esbuild-linux-ppc64le "0.14.49"
    esbuild-linux-riscv64 "0.14.49"
    esbuild-linux-s390x "0.14.49"
    esbuild-netbsd-64 "0.14.49"
    esbuild-openbsd-64 "0.14.49"
    esbuild-sunos-64 "0.14.49"
    esbuild-windows-32 "0.14.49"
    esbuild-windows-64 "0.14.49"
    esbuild-windows-arm64 "0.14.49"

webassemblyjs@^1.11.3:
  version "1.11.3"
  resolved "https://registry.yarnpkg.com/webassemblyjs/-/webassemblyjs-1.11.3.tgz#5393b40bb792d26318862f97c39429af02f432f2"
  integrity sha512-TRzjitsCSJhHw2xKqYTCpYOCGEUxDUHUx+pMT7I+mphjRpqWjUCoZez4Rhm2b2xQh+vreWoZ6R5Eact1zrWVVg==
  dependencies:
    "@webassemblyjs/ast" "1.11.3"
    "@webassemblyjs/helper-compiler" "1.11.3"
    "@webassemblyjs/validation" "1.11.3"
    "@webassemblyjs/wasm-parser" "1.11.3"
    "@webassemblyjs/wast-parser" "1.11.3"
    "@xtuc/long" "4.2.2"
